
Microsoft Visual Studio Solution File, Format Version 12.00
# Visual Studio 15
VisualStudioVersion = 15.0.26430.13
MinimumVisualStudioVersion = 10.0.40219.1
Project("{9A19103F-16F7-4668-BE54-9A1E7A4F7556}") = "WebCore", "WebCore\WebCore.csproj", "{A813084A-7BE3-4D19-8D10-A0EFD6DD0D82}"
EndProject
Project("{9A19103F-16F7-4668-BE54-9A1E7A4F7556}") = "DataAccess", "DataAccess\DataAccess.csproj", "{1DC34EDC-1BF6-4B43-82C3-E5A8CA9A1A7C}"
EndProject
Global
	GlobalSection(SolutionConfigurationPlatforms) = preSolution
		Debug|Any CPU = Debug|Any CPU
		Release|Any CPU = Release|Any CPU
	EndGlobalSection
	GlobalSection(ProjectConfigurationPlatforms) = postSolution
		{A813084A-7BE3-4D19-8D10-A0EFD6DD0D82}.Debug|Any CPU.ActiveCfg = Debug|Any CPU
		{A813084A-7BE3-4D19-8D10-A0EFD6DD0D82}.Debug|Any CPU.Build.0 = Debug|Any CPU
		{A813084A-7BE3-4D19-8D10-A0EFD6DD0D82}.Release|Any CPU.ActiveCfg = Release|Any CPU
		{A813084A-7BE3-4D19-8D10-A0EFD6DD0D82}.Release|Any CPU.Build.0 = Release|Any CPU
		{1DC34EDC-1BF6-4B43-82C3-E5A8CA9A1A7C}.Debug|Any CPU.ActiveCfg = Debug|Any CPU
		{1DC34EDC-1BF6-4B43-82C3-E5A8CA9A1A7C}.Debug|Any CPU.Build.0 = Debug|Any CPU
		{1DC34EDC-1BF6-4B43-82C3-E5A8CA9A1A7C}.Release|Any CPU.ActiveCfg = Release|Any CPU
		{1DC34EDC-1BF6-4B43-82C3-E5A8CA9A1A7C}.Release|Any CPU.Build.0 = Release|Any CPU
	EndGlobalSection
	GlobalSection(SolutionProperties) = preSolution
		HideSolutionNode = FALSE
	EndGlobalSection
EndGlobal
